
Microsoft Visual Studio Solution File, Format Version 11.00
# Visual Studio 2010
Project("{FAE04EC0-301F-11D3-BF4B-00C04F79EFBC}") = "Assembly-CSharp", "Assembly-CSharp.csproj", "{21C97029-8CBF-E5B1-FA7C-BC5DF6E7AFC7}"
EndProject
Project("{FAE04EC0-301F-11D3-BF4B-00C04F79EFBC}") = "Assembly-CSharp-Editor", "Assembly-CSharp-Editor.csproj", "{1AFCCEEA-62E0-8A43-CFBF-CB449893A49A}"
EndProject
Global
	GlobalSection(SolutionConfigurationPlatforms) = preSolution
		Debug|Any CPU = Debug|Any CPU
		Release|Any CPU = Release|Any CPU
	EndGlobalSection
	GlobalSection(ProjectConfigurationPlatforms) = postSolution
		{21C97029-8CBF-E5B1-FA7C-BC5DF6E7AFC7}.Debug|Any CPU.ActiveCfg = Debug|Any CPU
		{21C97029-8CBF-E5B1-FA7C-BC5DF6E7AFC7}.Debug|Any CPU.Build.0 = Debug|Any CPU
		{21C97029-8CBF-E5B1-FA7C-BC5DF6E7AFC7}.Release|Any CPU.ActiveCfg = Release|Any CPU
		{21C97029-8CBF-E5B1-FA7C-BC5DF6E7AFC7}.Release|Any CPU.Build.0 = Release|Any CPU
		{1AFCCEEA-62E0-8A43-CFBF-CB449893A49A}.Debug|Any CPU.ActiveCfg = Debug|Any CPU
		{1AFCCEEA-62E0-8A43-CFBF-CB449893A49A}.Debug|Any CPU.Build.0 = Debug|Any CPU
		{1AFCCEEA-62E0-8A43-CFBF-CB449893A49A}.Release|Any CPU.ActiveCfg = Release|Any CPU
		{1AFCCEEA-62E0-8A43-CFBF-CB449893A49A}.Release|Any CPU.Build.0 = Release|Any CPU
	EndGlobalSection
	GlobalSection(SolutionProperties) = preSolution
		HideSolutionNode = FALSE
	EndGlobalSection
EndGlobal
